
Microsoft Visual Studio Solution File, Format Version 12.00
# Visual Studio 15
VisualStudioVersion = 15.0.28307.168
MinimumVisualStudioVersion = 10.0.40219.1
Project("{8BC9CEB8-8B4A-11D0-8D11-00A0C91BC942}") = "scrabblecheat", "scrabblecheat.vcxproj", "{865EABF2-A1E3-44DB-9436-E65413248FAF}"
EndProject
Global
	GlobalSection(SolutionConfigurationPlatforms) = preSolution
		Debug|x86 = Debug|x86
		Release|x86 = Release|x86
	EndGlobalSection
	GlobalSection(ProjectConfigurationPlatforms) = postSolution
		{865EABF2-A1E3-44DB-9436-E65413248FAF}.Debug|x86.ActiveCfg = Debug|Win32
		{865EABF2-A1E3-44DB-9436-E65413248FAF}.Debug|x86.Build.0 = Debug|Win32
		{865EABF2-A1E3-44DB-9436-E65413248FAF}.Release|x86.ActiveCfg = Debug|Win32
		{865EABF2-A1E3-44DB-9436-E65413248FAF}.Release|x86.Build.0 = Debug|Win32
	EndGlobalSection
	GlobalSection(SolutionProperties) = preSolution
		HideSolutionNode = FALSE
	EndGlobalSection
	GlobalSection(ExtensibilityGlobals) = postSolution
		SolutionGuid = {698444CE-2ED4-4A00-8558-7A1F191A9082}
	EndGlobalSection
EndGlobal
